// !$*UTF8*$!
{
	archiveVersion = 1;
	classes = {
	};
	objectVersion = 56;
	objects = {

/* Begin PBXBuildFile section */
		454310FA2BB69141001C3058 /* FirebaseAnalytics in Frameworks */ = {isa = PBXBuildFile; productRef = 454310F92BB69141001C3058 /* FirebaseAnalytics */; };
		454310FC2BB69141001C3058 /* FirebaseAnalyticsOnDeviceConversion in Frameworks */ = {isa = PBXBuildFile; productRef = 454310FB2BB69141001C3058 /* FirebaseAnalyticsOnDeviceConversion */; };
		454310FE2BB69141001C3058 /* FirebaseAnalyticsSwift in Frameworks */ = {isa = PBXBuildFile; productRef = 454310FD2BB69141001C3058 /* FirebaseAnalyticsSwift */; };
		454311002BB69141001C3058 /* FirebaseAnalyticsWithoutAdIdSupport in Frameworks */ = {isa = PBXBuildFile; productRef = 454310FF2BB69141001C3058 /* FirebaseAnalyticsWithoutAdIdSupport */; };
		454311022BB69141001C3058 /* FirebaseAppCheck in Frameworks */ = {isa = PBXBuildFile; productRef = 454311012BB69141001C3058 /* FirebaseAppCheck */; };
		454311042BB69141001C3058 /* FirebaseAppDistribution-Beta in Frameworks */ = {isa = PBXBuildFile; productRef = 454311032BB69141001C3058 /* FirebaseAppDistribution-Beta */; };
		454311062BB69141001C3058 /* FirebaseAuth in Frameworks */ = {isa = PBXBuildFile; productRef = 454311052BB69141001C3058 /* FirebaseAuth */; };
		454311082BB69141001C3058 /* FirebaseAuthCombine-Community in Frameworks */ = {isa = PBXBuildFile; productRef = 454311072BB69141001C3058 /* FirebaseAuthCombine-Community */; };
		4543110A2BB69141001C3058 /* FirebaseCrashlytics in Frameworks */ = {isa = PBXBuildFile; productRef = 454311092BB69141001C3058 /* FirebaseCrashlytics */; };
		4543110C2BB69141001C3058 /* FirebaseDatabase in Frameworks */ = {isa = PBXBuildFile; productRef = 4543110B2BB69141001C3058 /* FirebaseDatabase */; };
		4543110E2BB69141001C3058 /* FirebaseDatabaseSwift in Frameworks */ = {isa = PBXBuildFile; productRef = 4543110D2BB69141001C3058 /* FirebaseDatabaseSwift */; };
		454311102BB69141001C3058 /* FirebaseDynamicLinks in Frameworks */ = {isa = PBXBuildFile; productRef = 4543110F2BB69141001C3058 /* FirebaseDynamicLinks */; };
		454311122BB69141001C3058 /* FirebaseFirestore in Frameworks */ = {isa = PBXBuildFile; productRef = 454311112BB69141001C3058 /* FirebaseFirestore */; };
		454311142BB69141001C3058 /* FirebaseFirestoreCombine-Community in Frameworks */ = {isa = PBXBuildFile; productRef = 454311132BB69141001C3058 /* FirebaseFirestoreCombine-Community */; };
		454311162BB69141001C3058 /* FirebaseFirestoreSwift in Frameworks */ = {isa = PBXBuildFile; productRef = 454311152BB69141001C3058 /* FirebaseFirestoreSwift */; };
		454311182BB69141001C3058 /* FirebaseFunctions in Frameworks */ = {isa = PBXBuildFile; productRef = 454311172BB69141001C3058 /* FirebaseFunctions */; };
		4543111A2BB69141001C3058 /* FirebaseFunctionsCombine-Community in Frameworks */ = {isa = PBXBuildFile; productRef = 454311192BB69141001C3058 /* FirebaseFunctionsCombine-Community */; };
		4543111C2BB69141001C3058 /* FirebaseInAppMessaging-Beta in Frameworks */ = {isa = PBXBuildFile; productRef = 4543111B2BB69141001C3058 /* FirebaseInAppMessaging-Beta */; };
		4543111E2BB69141001C3058 /* FirebaseInAppMessagingSwift-Beta in Frameworks */ = {isa = PBXBuildFile; productRef = 4543111D2BB69141001C3058 /* FirebaseInAppMessagingSwift-Beta */; };
		454311202BB69141001C3058 /* FirebaseInstallations in Frameworks */ = {isa = PBXBuildFile; productRef = 4543111F2BB69141001C3058 /* FirebaseInstallations */; };
		454311222BB69141001C3058 /* FirebaseMLModelDownloader in Frameworks */ = {isa = PBXBuildFile; productRef = 454311212BB69141001C3058 /* FirebaseMLModelDownloader */; };
		454311242BB69141001C3058 /* FirebaseMessaging in Frameworks */ = {isa = PBXBuildFile; productRef = 454311232BB69141001C3058 /* FirebaseMessaging */; };
		454311262BB69141001C3058 /* FirebasePerformance in Frameworks */ = {isa = PBXBuildFile; productRef = 454311252BB69141001C3058 /* FirebasePerformance */; };
		454311282BB69141001C3058 /* FirebaseRemoteConfig in Frameworks */ = {isa = PBXBuildFile; productRef = 454311272BB69141001C3058 /* FirebaseRemoteConfig */; };
		4543112A2BB69141001C3058 /* FirebaseRemoteConfigSwift in Frameworks */ = {isa = PBXBuildFile; productRef = 454311292BB69141001C3058 /* FirebaseRemoteConfigSwift */; };
		4543112C2BB69141001C3058 /* FirebaseStorage in Frameworks */ = {isa = PBXBuildFile; productRef = 4543112B2BB69141001C3058 /* FirebaseStorage */; };
		4543112E2BB69141001C3058 /* FirebaseStorageCombine-Community in Frameworks */ = {isa = PBXBuildFile; productRef = 4543112D2BB69141001C3058 /* FirebaseStorageCombine-Community */; };
		454311322BB69AA3001C3058 /* GoogleService-Info.plist in Resources */ = {isa = PBXBuildFile; fileRef = 454311312BB69AA3001C3058 /* GoogleService-Info.plist */; };
		454311382BB6A462001C3058 /* DatabaseProtocol.swift in Sources */ = {isa = PBXBuildFile; fileRef = 454311372BB6A462001C3058 /* DatabaseProtocol.swift */; };
		454BD0372BA97B4F00B89155 /* SwiftDatabase.swift in Sources */ = {isa = PBXBuildFile; fileRef = 454BD0362BA97B4F00B89155 /* SwiftDatabase.swift */; };
		454BD0392BA9870C00B89155 /* Database.swift in Sources */ = {isa = PBXBuildFile; fileRef = 454BD0382BA9870C00B89155 /* Database.swift */; };
		456027702B997978003AED64 /* ProjectDetailFeature.swift in Sources */ = {isa = PBXBuildFile; fileRef = 4560276F2B997978003AED64 /* ProjectDetailFeature.swift */; };
		456027722B997AE6003AED64 /* ProjectDetailView.swift in Sources */ = {isa = PBXBuildFile; fileRef = 456027712B997AE6003AED64 /* ProjectDetailView.swift */; };
		4569CF912B95A5580008A3B4 /* ProjectManagerApp.swift in Sources */ = {isa = PBXBuildFile; fileRef = 4569CF902B95A5580008A3B4 /* ProjectManagerApp.swift */; };
		4569CF932B95A5580008A3B4 /* ProjectsView.swift in Sources */ = {isa = PBXBuildFile; fileRef = 4569CF922B95A5580008A3B4 /* ProjectsView.swift */; };
		4569CF952B95A55A0008A3B4 /* Assets.xcassets in Resources */ = {isa = PBXBuildFile; fileRef = 4569CF942B95A55A0008A3B4 /* Assets.xcassets */; };
		4569CF982B95A55A0008A3B4 /* Preview Assets.xcassets in Resources */ = {isa = PBXBuildFile; fileRef = 4569CF972B95A55A0008A3B4 /* Preview Assets.xcassets */; };
		458BA4842B96F61800FDF1C6 /* ComposableArchitecture in Frameworks */ = {isa = PBXBuildFile; productRef = 458BA4832B96F61800FDF1C6 /* ComposableArchitecture */; };
		458BA48A2B96FA5B00FDF1C6 /* Project.swift in Sources */ = {isa = PBXBuildFile; fileRef = 458BA4892B96FA5B00FDF1C6 /* Project.swift */; };
		458BA48C2B96FBA500FDF1C6 /* ProjectsFeature.swift in Sources */ = {isa = PBXBuildFile; fileRef = 458BA48B2B96FBA500FDF1C6 /* ProjectsFeature.swift */; };
		458BA48E2B97337900FDF1C6 /* ProjectList.swift in Sources */ = {isa = PBXBuildFile; fileRef = 458BA48D2B97337900FDF1C6 /* ProjectList.swift */; };
		458BA4902B9733A300FDF1C6 /* ProjectRow.swift in Sources */ = {isa = PBXBuildFile; fileRef = 458BA48F2B9733A300FDF1C6 /* ProjectRow.swift */; };
		45A94E3D2BA031E800AF7D29 /* Calendar+.swift in Sources */ = {isa = PBXBuildFile; fileRef = 45A94E3C2BA031E800AF7D29 /* Calendar+.swift */; };
		45E456BD2BB70C8D00FF3C84 /* SwiftDataProject.swift in Sources */ = {isa = PBXBuildFile; fileRef = 45E456BC2BB70C8D00FF3C84 /* SwiftDataProject.swift */; };
/* End PBXBuildFile section */

/* Begin PBXFileReference section */
		454311312BB69AA3001C3058 /* GoogleService-Info.plist */ = {isa = PBXFileReference; fileEncoding = 4; lastKnownFileType = text.plist.xml; path = "GoogleService-Info.plist"; sourceTree = "<group>"; };
		454311372BB6A462001C3058 /* DatabaseProtocol.swift */ = {isa = PBXFileReference; lastKnownFileType = sourcecode.swift; path = DatabaseProtocol.swift; sourceTree = "<group>"; };
		454BD0362BA97B4F00B89155 /* SwiftDatabase.swift */ = {isa = PBXFileReference; lastKnownFileType = sourcecode.swift; path = SwiftDatabase.swift; sourceTree = "<group>"; };
		454BD0382BA9870C00B89155 /* Database.swift */ = {isa = PBXFileReference; lastKnownFileType = sourcecode.swift; path = Database.swift; sourceTree = "<group>"; };
		4560276F2B997978003AED64 /* ProjectDetailFeature.swift */ = {isa = PBXFileReference; lastKnownFileType = sourcecode.swift; path = ProjectDetailFeature.swift; sourceTree = "<group>"; };
		456027712B997AE6003AED64 /* ProjectDetailView.swift */ = {isa = PBXFileReference; lastKnownFileType = sourcecode.swift; path = ProjectDetailView.swift; sourceTree = "<group>"; };
		4569CF8D2B95A5580008A3B4 /* ProjectManager.app */ = {isa = PBXFileReference; explicitFileType = wrapper.application; includeInIndex = 0; path = ProjectManager.app; sourceTree = BUILT_PRODUCTS_DIR; };
		4569CF902B95A5580008A3B4 /* ProjectManagerApp.swift */ = {isa = PBXFileReference; lastKnownFileType = sourcecode.swift; path = ProjectManagerApp.swift; sourceTree = "<group>"; };
		4569CF922B95A5580008A3B4 /* ProjectsView.swift */ = {isa = PBXFileReference; lastKnownFileType = sourcecode.swift; path = ProjectsView.swift; sourceTree = "<group>"; };
		4569CF942B95A55A0008A3B4 /* Assets.xcassets */ = {isa = PBXFileReference; lastKnownFileType = folder.assetcatalog; path = Assets.xcassets; sourceTree = "<group>"; };
		4569CF972B95A55A0008A3B4 /* Preview Assets.xcassets */ = {isa = PBXFileReference; lastKnownFileType = folder.assetcatalog; path = "Preview Assets.xcassets"; sourceTree = "<group>"; };
		458BA4892B96FA5B00FDF1C6 /* Project.swift */ = {isa = PBXFileReference; lastKnownFileType = sourcecode.swift; path = Project.swift; sourceTree = "<group>"; };
		458BA48B2B96FBA500FDF1C6 /* ProjectsFeature.swift */ = {isa = PBXFileReference; lastKnownFileType = sourcecode.swift; path = ProjectsFeature.swift; sourceTree = "<group>"; };
		458BA48D2B97337900FDF1C6 /* ProjectList.swift */ = {isa = PBXFileReference; lastKnownFileType = sourcecode.swift; path = ProjectList.swift; sourceTree = "<group>"; };
		458BA48F2B9733A300FDF1C6 /* ProjectRow.swift */ = {isa = PBXFileReference; lastKnownFileType = sourcecode.swift; path = ProjectRow.swift; sourceTree = "<group>"; };
		45A94E3C2BA031E800AF7D29 /* Calendar+.swift */ = {isa = PBXFileReference; lastKnownFileType = sourcecode.swift; path = "Calendar+.swift"; sourceTree = "<group>"; };
		45E456BC2BB70C8D00FF3C84 /* SwiftDataProject.swift */ = {isa = PBXFileReference; lastKnownFileType = sourcecode.swift; path = SwiftDataProject.swift; sourceTree = "<group>"; };
/* End PBXFileReference section */

/* Begin PBXFrameworksBuildPhase section */
		4569CF8A2B95A5580008A3B4 /* Frameworks */ = {
			isa = PBXFrameworksBuildPhase;
			buildActionMask = 2147483647;
			files = (
				454311182BB69141001C3058 /* FirebaseFunctions in Frameworks */,
				4543110E2BB69141001C3058 /* FirebaseDatabaseSwift in Frameworks */,
				4543111E2BB69141001C3058 /* FirebaseInAppMessagingSwift-Beta in Frameworks */,
				454311242BB69141001C3058 /* FirebaseMessaging in Frameworks */,
				454311042BB69141001C3058 /* FirebaseAppDistribution-Beta in Frameworks */,
				454311082BB69141001C3058 /* FirebaseAuthCombine-Community in Frameworks */,
				454311142BB69141001C3058 /* FirebaseFirestoreCombine-Community in Frameworks */,
				454310FE2BB69141001C3058 /* FirebaseAnalyticsSwift in Frameworks */,
				454311222BB69141001C3058 /* FirebaseMLModelDownloader in Frameworks */,
				454311002BB69141001C3058 /* FirebaseAnalyticsWithoutAdIdSupport in Frameworks */,
				454310FA2BB69141001C3058 /* FirebaseAnalytics in Frameworks */,
				454311162BB69141001C3058 /* FirebaseFirestoreSwift in Frameworks */,
				454310FC2BB69141001C3058 /* FirebaseAnalyticsOnDeviceConversion in Frameworks */,
				454311022BB69141001C3058 /* FirebaseAppCheck in Frameworks */,
				454311262BB69141001C3058 /* FirebasePerformance in Frameworks */,
				4543111C2BB69141001C3058 /* FirebaseInAppMessaging-Beta in Frameworks */,
				4543111A2BB69141001C3058 /* FirebaseFunctionsCombine-Community in Frameworks */,
				4543110A2BB69141001C3058 /* FirebaseCrashlytics in Frameworks */,
				454311202BB69141001C3058 /* FirebaseInstallations in Frameworks */,
				454311282BB69141001C3058 /* FirebaseRemoteConfig in Frameworks */,
				4543112C2BB69141001C3058 /* FirebaseStorage in Frameworks */,
				4543110C2BB69141001C3058 /* FirebaseDatabase in Frameworks */,
				4543112E2BB69141001C3058 /* FirebaseStorageCombine-Community in Frameworks */,
				458BA4842B96F61800FDF1C6 /* ComposableArchitecture in Frameworks */,
				454311062BB69141001C3058 /* FirebaseAuth in Frameworks */,
				454311102BB69141001C3058 /* FirebaseDynamicLinks in Frameworks */,
				454311122BB69141001C3058 /* FirebaseFirestore in Frameworks */,
				4543112A2BB69141001C3058 /* FirebaseRemoteConfigSwift in Frameworks */,
			);
			runOnlyForDeploymentPostprocessing = 0;
		};
/* End PBXFrameworksBuildPhase section */

/* Begin PBXGroup section */
		4569CF842B95A5580008A3B4 = {
			isa = PBXGroup;
			children = (
				4569CF8F2B95A5580008A3B4 /* ProjectManager */,
				4569CF8E2B95A5580008A3B4 /* Products */,
			);
			indentWidth = 2;
			sourceTree = "<group>";
			tabWidth = 2;
		};
		4569CF8E2B95A5580008A3B4 /* Products */ = {
			isa = PBXGroup;
			children = (
				4569CF8D2B95A5580008A3B4 /* ProjectManager.app */,
			);
			name = Products;
			sourceTree = "<group>";
		};
		4569CF8F2B95A5580008A3B4 /* ProjectManager */ = {
			isa = PBXGroup;
			children = (
				458BA4712B96D6E200FDF1C6 /* Application */,
				458BA4722B96D6F600FDF1C6 /* Feature */,
				458BA4732B96D6FD00FDF1C6 /* View */,
				458BA4862B96F63D00FDF1C6 /* Environment */,
				45A94E3A2BA031BE00AF7D29 /* Util */,
				458BA4852B96F62200FDF1C6 /* Resource */,
				4569CF962B95A55A0008A3B4 /* Preview Content */,
			);
			path = ProjectManager;
			sourceTree = "<group>";
		};
		4569CF962B95A55A0008A3B4 /* Preview Content */ = {
			isa = PBXGroup;
			children = (
				4569CF972B95A55A0008A3B4 /* Preview Assets.xcassets */,
			);
			path = "Preview Content";
			sourceTree = "<group>";
		};
		458BA4712B96D6E200FDF1C6 /* Application */ = {
			isa = PBXGroup;
			children = (
				4569CF902B95A5580008A3B4 /* ProjectManagerApp.swift */,
			);
			path = Application;
			sourceTree = "<group>";
		};
		458BA4722B96D6F600FDF1C6 /* Feature */ = {
			isa = PBXGroup;
			children = (
				458BA4892B96FA5B00FDF1C6 /* Project.swift */,
				45E456BC2BB70C8D00FF3C84 /* SwiftDataProject.swift */,
				458BA48B2B96FBA500FDF1C6 /* ProjectsFeature.swift */,
				4560276F2B997978003AED64 /* ProjectDetailFeature.swift */,
			);
			path = Feature;
			sourceTree = "<group>";
		};
		458BA4732B96D6FD00FDF1C6 /* View */ = {
			isa = PBXGroup;
			children = (
				4569CF922B95A5580008A3B4 /* ProjectsView.swift */,
				458BA48D2B97337900FDF1C6 /* ProjectList.swift */,
				458BA48F2B9733A300FDF1C6 /* ProjectRow.swift */,
				456027712B997AE6003AED64 /* ProjectDetailView.swift */,
			);
			path = View;
			sourceTree = "<group>";
		};
		458BA4852B96F62200FDF1C6 /* Resource */ = {
			isa = PBXGroup;
			children = (
				4569CF942B95A55A0008A3B4 /* Assets.xcassets */,
				454311312BB69AA3001C3058 /* GoogleService-Info.plist */,
			);
			path = Resource;
			sourceTree = "<group>";
		};
		458BA4862B96F63D00FDF1C6 /* Environment */ = {
			isa = PBXGroup;
			children = (
				454311372BB6A462001C3058 /* DatabaseProtocol.swift */,
				454BD0382BA9870C00B89155 /* Database.swift */,
				454BD0362BA97B4F00B89155 /* SwiftDatabase.swift */,
			);
			path = Environment;
			sourceTree = "<group>";
		};
		45A94E3A2BA031BE00AF7D29 /* Util */ = {
			isa = PBXGroup;
			children = (
				45A94E3B2BA031D900AF7D29 /* Extenstion */,
			);
			path = Util;
			sourceTree = "<group>";
		};
		45A94E3B2BA031D900AF7D29 /* Extenstion */ = {
			isa = PBXGroup;
			children = (
				45A94E3C2BA031E800AF7D29 /* Calendar+.swift */,
			);
			path = Extenstion;
			sourceTree = "<group>";
		};
/* End PBXGroup section */

/* Begin PBXNativeTarget section */
		4569CF8C2B95A5580008A3B4 /* ProjectManager */ = {
			isa = PBXNativeTarget;
			buildConfigurationList = 4569CF9B2B95A55A0008A3B4 /* Build configuration list for PBXNativeTarget "ProjectManager" */;
			buildPhases = (
				4569CF892B95A5580008A3B4 /* Sources */,
				4569CF8A2B95A5580008A3B4 /* Frameworks */,
				4569CF8B2B95A5580008A3B4 /* Resources */,
			);
			buildRules = (
			);
			dependencies = (
			);
			name = ProjectManager;
			packageProductDependencies = (
				458BA4832B96F61800FDF1C6 /* ComposableArchitecture */,
				454310F92BB69141001C3058 /* FirebaseAnalytics */,
				454310FB2BB69141001C3058 /* FirebaseAnalyticsOnDeviceConversion */,
				454310FD2BB69141001C3058 /* FirebaseAnalyticsSwift */,
				454310FF2BB69141001C3058 /* FirebaseAnalyticsWithoutAdIdSupport */,
				454311012BB69141001C3058 /* FirebaseAppCheck */,
				454311032BB69141001C3058 /* FirebaseAppDistribution-Beta */,
				454311052BB69141001C3058 /* FirebaseAuth */,
				454311072BB69141001C3058 /* FirebaseAuthCombine-Community */,
				454311092BB69141001C3058 /* FirebaseCrashlytics */,
				4543110B2BB69141001C3058 /* FirebaseDatabase */,
				4543110D2BB69141001C3058 /* FirebaseDatabaseSwift */,
				4543110F2BB69141001C3058 /* FirebaseDynamicLinks */,
				454311112BB69141001C3058 /* FirebaseFirestore */,
				454311132BB69141001C3058 /* FirebaseFirestoreCombine-Community */,
				454311152BB69141001C3058 /* FirebaseFirestoreSwift */,
				454311172BB69141001C3058 /* FirebaseFunctions */,
				454311192BB69141001C3058 /* FirebaseFunctionsCombine-Community */,
				4543111B2BB69141001C3058 /* FirebaseInAppMessaging-Beta */,
				4543111D2BB69141001C3058 /* FirebaseInAppMessagingSwift-Beta */,
				4543111F2BB69141001C3058 /* FirebaseInstallations */,
				454311212BB69141001C3058 /* FirebaseMLModelDownloader */,
				454311232BB69141001C3058 /* FirebaseMessaging */,
				454311252BB69141001C3058 /* FirebasePerformance */,
				454311272BB69141001C3058 /* FirebaseRemoteConfig */,
				454311292BB69141001C3058 /* FirebaseRemoteConfigSwift */,
				4543112B2BB69141001C3058 /* FirebaseStorage */,
				4543112D2BB69141001C3058 /* FirebaseStorageCombine-Community */,
			);
			productName = ProjectManager;
			productReference = 4569CF8D2B95A5580008A3B4 /* ProjectManager.app */;
			productType = "com.apple.product-type.application";
		};
/* End PBXNativeTarget section */

/* Begin PBXProject section */
		4569CF852B95A5580008A3B4 /* Project object */ = {
			isa = PBXProject;
			attributes = {
				BuildIndependentTargetsInParallel = 1;
				LastSwiftUpdateCheck = 1520;
				LastUpgradeCheck = 1520;
				TargetAttributes = {
					4569CF8C2B95A5580008A3B4 = {
						CreatedOnToolsVersion = 15.2;
					};
				};
			};
			buildConfigurationList = 4569CF882B95A5580008A3B4 /* Build configuration list for PBXProject "ProjectManager" */;
			compatibilityVersion = "Xcode 14.0";
			developmentRegion = en;
			hasScannedForEncodings = 0;
			knownRegions = (
				en,
				Base,
			);
			mainGroup = 4569CF842B95A5580008A3B4;
			packageReferences = (
				458BA4822B96F61800FDF1C6 /* XCRemoteSwiftPackageReference "swift-composable-architecture" */,
				454310F82BB69141001C3058 /* XCRemoteSwiftPackageReference "firebase-ios-sdk" */,
			);
			productRefGroup = 4569CF8E2B95A5580008A3B4 /* Products */;
			projectDirPath = "";
			projectRoot = "";
			targets = (
				4569CF8C2B95A5580008A3B4 /* ProjectManager */,
			);
		};
/* End PBXProject section */

/* Begin PBXResourcesBuildPhase section */
		4569CF8B2B95A5580008A3B4 /* Resources */ = {
			isa = PBXResourcesBuildPhase;
			buildActionMask = 2147483647;
			files = (
				4569CF982B95A55A0008A3B4 /* Preview Assets.xcassets in Resources */,
				4569CF952B95A55A0008A3B4 /* Assets.xcassets in Resources */,
				454311322BB69AA3001C3058 /* GoogleService-Info.plist in Resources */,
			);
			runOnlyForDeploymentPostprocessing = 0;
		};
/* End PBXResourcesBuildPhase section */

/* Begin PBXSourcesBuildPhase section */
		4569CF892B95A5580008A3B4 /* Sources */ = {
			isa = PBXSourcesBuildPhase;
			buildActionMask = 2147483647;
			files = (
				454311382BB6A462001C3058 /* DatabaseProtocol.swift in Sources */,
				458BA4902B9733A300FDF1C6 /* ProjectRow.swift in Sources */,
				456027702B997978003AED64 /* ProjectDetailFeature.swift in Sources */,
				45A94E3D2BA031E800AF7D29 /* Calendar+.swift in Sources */,
				454BD0372BA97B4F00B89155 /* SwiftDatabase.swift in Sources */,
				4569CF932B95A5580008A3B4 /* ProjectsView.swift in Sources */,
				458BA48E2B97337900FDF1C6 /* ProjectList.swift in Sources */,
				454BD0392BA9870C00B89155 /* Database.swift in Sources */,
				4569CF912B95A5580008A3B4 /* ProjectManagerApp.swift in Sources */,
				458BA48C2B96FBA500FDF1C6 /* ProjectsFeature.swift in Sources */,
				458BA48A2B96FA5B00FDF1C6 /* Project.swift in Sources */,
				45E456BD2BB70C8D00FF3C84 /* SwiftDataProject.swift in Sources */,
				456027722B997AE6003AED64 /* ProjectDetailView.swift in Sources */,
			);
			runOnlyForDeploymentPostprocessing = 0;
		};
/* End PBXSourcesBuildPhase section */

/* Begin XCBuildConfiguration section */
		4569CF992B95A55A0008A3B4 /* Debug */ = {
			isa = XCBuildConfiguration;
			buildSettings = {
				ALWAYS_SEARCH_USER_PATHS = NO;
				ASSETCATALOG_COMPILER_GENERATE_SWIFT_ASSET_SYMBOL_EXTENSIONS = YES;
				CLANG_ANALYZER_NONNULL = YES;
				CLANG_ANALYZER_NUMBER_OBJECT_CONVERSION = YES_AGGRESSIVE;
				CLANG_CXX_LANGUAGE_STANDARD = "gnu++20";
				CLANG_ENABLE_MODULES = YES;
				CLANG_ENABLE_OBJC_ARC = YES;
				CLANG_ENABLE_OBJC_WEAK = YES;
				CLANG_WARN_BLOCK_CAPTURE_AUTORELEASING = YES;
				CLANG_WARN_BOOL_CONVERSION = YES;
				CLANG_WARN_COMMA = YES;
				CLANG_WARN_CONSTANT_CONVERSION = YES;
				CLANG_WARN_DEPRECATED_OBJC_IMPLEMENTATIONS = YES;
				CLANG_WARN_DIRECT_OBJC_ISA_USAGE = YES_ERROR;
				CLANG_WARN_DOCUMENTATION_COMMENTS = YES;
				CLANG_WARN_EMPTY_BODY = YES;
				CLANG_WARN_ENUM_CONVERSION = YES;
				CLANG_WARN_INFINITE_RECURSION = YES;
				CLANG_WARN_INT_CONVERSION = YES;
				CLANG_WARN_NON_LITERAL_NULL_CONVERSION = YES;
				CLANG_WARN_OBJC_IMPLICIT_RETAIN_SELF = YES;
				CLANG_WARN_OBJC_LITERAL_CONVERSION = YES;
				CLANG_WARN_OBJC_ROOT_CLASS = YES_ERROR;
				CLANG_WARN_QUOTED_INCLUDE_IN_FRAMEWORK_HEADER = YES;
				CLANG_WARN_RANGE_LOOP_ANALYSIS = YES;
				CLANG_WARN_STRICT_PROTOTYPES = YES;
				CLANG_WARN_SUSPICIOUS_MOVE = YES;
				CLANG_WARN_UNGUARDED_AVAILABILITY = YES_AGGRESSIVE;
				CLANG_WARN_UNREACHABLE_CODE = YES;
				CLANG_WARN__DUPLICATE_METHOD_MATCH = YES;
				COPY_PHASE_STRIP = NO;
				DEBUG_INFORMATION_FORMAT = dwarf;
				ENABLE_STRICT_OBJC_MSGSEND = YES;
				ENABLE_TESTABILITY = YES;
				ENABLE_USER_SCRIPT_SANDBOXING = YES;
				GCC_C_LANGUAGE_STANDARD = gnu17;
				GCC_DYNAMIC_NO_PIC = NO;
				GCC_NO_COMMON_BLOCKS = YES;
				GCC_OPTIMIZATION_LEVEL = 0;
				GCC_PREPROCESSOR_DEFINITIONS = (
					"DEBUG=1",
					"$(inherited)",
				);
				GCC_WARN_64_TO_32_BIT_CONVERSION = YES;
				GCC_WARN_ABOUT_RETURN_TYPE = YES_ERROR;
				GCC_WARN_UNDECLARED_SELECTOR = YES;
				GCC_WARN_UNINITIALIZED_AUTOS = YES_AGGRESSIVE;
				GCC_WARN_UNUSED_FUNCTION = YES;
				GCC_WARN_UNUSED_VARIABLE = YES;
				IPHONEOS_DEPLOYMENT_TARGET = 17.2;
				LOCALIZATION_PREFERS_STRING_CATALOGS = YES;
				MTL_ENABLE_DEBUG_INFO = INCLUDE_SOURCE;
				MTL_FAST_MATH = YES;
				ONLY_ACTIVE_ARCH = YES;
				SDKROOT = iphoneos;
				SWIFT_ACTIVE_COMPILATION_CONDITIONS = "DEBUG $(inherited)";
				SWIFT_OPTIMIZATION_LEVEL = "-Onone";
			};
			name = Debug;
		};
		4569CF9A2B95A55A0008A3B4 /* Release */ = {
			isa = XCBuildConfiguration;
			buildSettings = {
				ALWAYS_SEARCH_USER_PATHS = NO;
				ASSETCATALOG_COMPILER_GENERATE_SWIFT_ASSET_SYMBOL_EXTENSIONS = YES;
				CLANG_ANALYZER_NONNULL = YES;
				CLANG_ANALYZER_NUMBER_OBJECT_CONVERSION = YES_AGGRESSIVE;
				CLANG_CXX_LANGUAGE_STANDARD = "gnu++20";
				CLANG_ENABLE_MODULES = YES;
				CLANG_ENABLE_OBJC_ARC = YES;
				CLANG_ENABLE_OBJC_WEAK = YES;
				CLANG_WARN_BLOCK_CAPTURE_AUTORELEASING = YES;
				CLANG_WARN_BOOL_CONVERSION = YES;
				CLANG_WARN_COMMA = YES;
				CLANG_WARN_CONSTANT_CONVERSION = YES;
				CLANG_WARN_DEPRECATED_OBJC_IMPLEMENTATIONS = YES;
				CLANG_WARN_DIRECT_OBJC_ISA_USAGE = YES_ERROR;
				CLANG_WARN_DOCUMENTATION_COMMENTS = YES;
				CLANG_WARN_EMPTY_BODY = YES;
				CLANG_WARN_ENUM_CONVERSION = YES;
				CLANG_WARN_INFINITE_RECURSION = YES;
				CLANG_WARN_INT_CONVERSION = YES;
				CLANG_WARN_NON_LITERAL_NULL_CONVERSION = YES;
				CLANG_WARN_OBJC_IMPLICIT_RETAIN_SELF = YES;
				CLANG_WARN_OBJC_LITERAL_CONVERSION = YES;
				CLANG_WARN_OBJC_ROOT_CLASS = YES_ERROR;
				CLANG_WARN_QUOTED_INCLUDE_IN_FRAMEWORK_HEADER = YES;
				CLANG_WARN_RANGE_LOOP_ANALYSIS = YES;
				CLANG_WARN_STRICT_PROTOTYPES = YES;
				CLANG_WARN_SUSPICIOUS_MOVE = YES;
				CLANG_WARN_UNGUARDED_AVAILABILITY = YES_AGGRESSIVE;
				CLANG_WARN_UNREACHABLE_CODE = YES;
				CLANG_WARN__DUPLICATE_METHOD_MATCH = YES;
				COPY_PHASE_STRIP = NO;
				DEBUG_INFORMATION_FORMAT = "dwarf-with-dsym";
				ENABLE_NS_ASSERTIONS = NO;
				ENABLE_STRICT_OBJC_MSGSEND = YES;
				ENABLE_USER_SCRIPT_SANDBOXING = YES;
				GCC_C_LANGUAGE_STANDARD = gnu17;
				GCC_NO_COMMON_BLOCKS = YES;
				GCC_WARN_64_TO_32_BIT_CONVERSION = YES;
				GCC_WARN_ABOUT_RETURN_TYPE = YES_ERROR;
				GCC_WARN_UNDECLARED_SELECTOR = YES;
				GCC_WARN_UNINITIALIZED_AUTOS = YES_AGGRESSIVE;
				GCC_WARN_UNUSED_FUNCTION = YES;
				GCC_WARN_UNUSED_VARIABLE = YES;
				IPHONEOS_DEPLOYMENT_TARGET = 17.2;
				LOCALIZATION_PREFERS_STRING_CATALOGS = YES;
				MTL_ENABLE_DEBUG_INFO = NO;
				MTL_FAST_MATH = YES;
				SDKROOT = iphoneos;
				SWIFT_COMPILATION_MODE = wholemodule;
				VALIDATE_PRODUCT = YES;
			};
			name = Release;
		};
		4569CF9C2B95A55A0008A3B4 /* Debug */ = {
			isa = XCBuildConfiguration;
			buildSettings = {
				ASSETCATALOG_COMPILER_APPICON_NAME = AppIcon;
				ASSETCATALOG_COMPILER_GLOBAL_ACCENT_COLOR_NAME = AccentColor;
				CODE_SIGN_STYLE = Automatic;
				CURRENT_PROJECT_VERSION = 1;
				DEVELOPMENT_ASSET_PATHS = "\"ProjectManager/Preview Content\"";
				ENABLE_PREVIEWS = YES;
				GENERATE_INFOPLIST_FILE = YES;
				INFOPLIST_KEY_UIApplicationSceneManifest_Generation = YES;
				INFOPLIST_KEY_UIApplicationSupportsIndirectInputEvents = YES;
				INFOPLIST_KEY_UILaunchScreen_Generation = YES;
				INFOPLIST_KEY_UISupportedInterfaceOrientations_iPad = "UIInterfaceOrientationPortrait UIInterfaceOrientationPortraitUpsideDown UIInterfaceOrientationLandscapeLeft UIInterfaceOrientationLandscapeRight";
				INFOPLIST_KEY_UISupportedInterfaceOrientations_iPhone = "UIInterfaceOrientationPortrait UIInterfaceOrientationLandscapeLeft UIInterfaceOrientationLandscapeRight";
				IPHONEOS_DEPLOYMENT_TARGET = 17.0;
				LD_RUNPATH_SEARCH_PATHS = (
					"$(inherited)",
					"@executable_path/Frameworks",
				);
				MARKETING_VERSION = 1.0;
				PRODUCT_BUNDLE_IDENTIFIER = com.hyeonsu.ProjectManager;
				PRODUCT_NAME = "$(TARGET_NAME)";
				SUPPORTED_PLATFORMS = "iphoneos iphonesimulator";
				SUPPORTS_MACCATALYST = NO;
				SWIFT_EMIT_LOC_STRINGS = YES;
				SWIFT_VERSION = 5.0;
				TARGETED_DEVICE_FAMILY = 2;
			};
			name = Debug;
		};
		4569CF9D2B95A55A0008A3B4 /* Release */ = {
			isa = XCBuildConfiguration;
			buildSettings = {
				ASSETCATALOG_COMPILER_APPICON_NAME = AppIcon;
				ASSETCATALOG_COMPILER_GLOBAL_ACCENT_COLOR_NAME = AccentColor;
				CODE_SIGN_STYLE = Automatic;
				CURRENT_PROJECT_VERSION = 1;
				DEVELOPMENT_ASSET_PATHS = "\"ProjectManager/Preview Content\"";
				ENABLE_PREVIEWS = YES;
				GENERATE_INFOPLIST_FILE = YES;
				INFOPLIST_KEY_UIApplicationSceneManifest_Generation = YES;
				INFOPLIST_KEY_UIApplicationSupportsIndirectInputEvents = YES;
				INFOPLIST_KEY_UILaunchScreen_Generation = YES;
				INFOPLIST_KEY_UISupportedInterfaceOrientations_iPad = "UIInterfaceOrientationPortrait UIInterfaceOrientationPortraitUpsideDown UIInterfaceOrientationLandscapeLeft UIInterfaceOrientationLandscapeRight";
				INFOPLIST_KEY_UISupportedInterfaceOrientations_iPhone = "UIInterfaceOrientationPortrait UIInterfaceOrientationLandscapeLeft UIInterfaceOrientationLandscapeRight";
				IPHONEOS_DEPLOYMENT_TARGET = 17.0;
				LD_RUNPATH_SEARCH_PATHS = (
					"$(inherited)",
					"@executable_path/Frameworks",
				);
				MARKETING_VERSION = 1.0;
				PRODUCT_BUNDLE_IDENTIFIER = com.hyeonsu.ProjectManager;
				PRODUCT_NAME = "$(TARGET_NAME)";
				SUPPORTED_PLATFORMS = "iphoneos iphonesimulator";
				SUPPORTS_MACCATALYST = NO;
				SWIFT_EMIT_LOC_STRINGS = YES;
				SWIFT_VERSION = 5.0;
				TARGETED_DEVICE_FAMILY = 2;
			};
			name = Release;
		};
/* End XCBuildConfiguration section */

/* Begin XCConfigurationList section */
		4569CF882B95A5580008A3B4 /* Build configuration list for PBXProject "ProjectManager" */ = {
			isa = XCConfigurationList;
			buildConfigurations = (
				4569CF992B95A55A0008A3B4 /* Debug */,
				4569CF9A2B95A55A0008A3B4 /* Release */,
			);
			defaultConfigurationIsVisible = 0;
			defaultConfigurationName = Release;
		};
		4569CF9B2B95A55A0008A3B4 /* Build configuration list for PBXNativeTarget "ProjectManager" */ = {
			isa = XCConfigurationList;
			buildConfigurations = (
				4569CF9C2B95A55A0008A3B4 /* Debug */,
				4569CF9D2B95A55A0008A3B4 /* Release */,
			);
			defaultConfigurationIsVisible = 0;
			defaultConfigurationName = Release;
		};
/* End XCConfigurationList section */

/* Begin XCRemoteSwiftPackageReference section */
		454310F82BB69141001C3058 /* XCRemoteSwiftPackageReference "firebase-ios-sdk" */ = {
			isa = XCRemoteSwiftPackageReference;
			repositoryURL = "https://github.com/firebase/firebase-ios-sdk.git";
			requirement = {
				kind = upToNextMajorVersion;
				minimumVersion = 10.23.1;
			};
		};
		458BA4822B96F61800FDF1C6 /* XCRemoteSwiftPackageReference "swift-composable-architecture" */ = {
			isa = XCRemoteSwiftPackageReference;
			repositoryURL = "https://github.com/pointfreeco/swift-composable-architecture";
			requirement = {
				kind = upToNextMajorVersion;
				minimumVersion = 1.9.2;
			};
		};
/* End XCRemoteSwiftPackageReference section */

/* Begin XCSwiftPackageProductDependency section */
		454310F92BB69141001C3058 /* FirebaseAnalytics */ = {
			isa = XCSwiftPackageProductDependency;
			package = 454310F82BB69141001C3058 /* XCRemoteSwiftPackageReference "firebase-ios-sdk" */;
			productName = FirebaseAnalytics;
		};
		454310FB2BB69141001C3058 /* FirebaseAnalyticsOnDeviceConversion */ = {
			isa = XCSwiftPackageProductDependency;
			package = 454310F82BB69141001C3058 /* XCRemoteSwiftPackageReference "firebase-ios-sdk" */;
			productName = FirebaseAnalyticsOnDeviceConversion;
		};
		454310FD2BB69141001C3058 /* FirebaseAnalyticsSwift */ = {
			isa = XCSwiftPackageProductDependency;
			package = 454310F82BB69141001C3058 /* XCRemoteSwiftPackageReference "firebase-ios-sdk" */;
			productName = FirebaseAnalyticsSwift;
		};
		454310FF2BB69141001C3058 /* FirebaseAnalyticsWithoutAdIdSupport */ = {
			isa = XCSwiftPackageProductDependency;
			package = 454310F82BB69141001C3058 /* XCRemoteSwiftPackageReference "firebase-ios-sdk" */;
			productName = FirebaseAnalyticsWithoutAdIdSupport;
		};
		454311012BB69141001C3058 /* FirebaseAppCheck */ = {
			isa = XCSwiftPackageProductDependency;
			package = 454310F82BB69141001C3058 /* XCRemoteSwiftPackageReference "firebase-ios-sdk" */;
			productName = FirebaseAppCheck;
		};
		454311032BB69141001C3058 /* FirebaseAppDistribution-Beta */ = {
			isa = XCSwiftPackageProductDependency;
			package = 454310F82BB69141001C3058 /* XCRemoteSwiftPackageReference "firebase-ios-sdk" */;
			productName = "FirebaseAppDistribution-Beta";
		};
		454311052BB69141001C3058 /* FirebaseAuth */ = {
			isa = XCSwiftPackageProductDependency;
			package = 454310F82BB69141001C3058 /* XCRemoteSwiftPackageReference "firebase-ios-sdk" */;
			productName = FirebaseAuth;
		};
		454311072BB69141001C3058 /* FirebaseAuthCombine-Community */ = {
			isa = XCSwiftPackageProductDependency;
			package = 454310F82BB69141001C3058 /* XCRemoteSwiftPackageReference "firebase-ios-sdk" */;
			productName = "FirebaseAuthCombine-Community";
		};
		454311092BB69141001C3058 /* FirebaseCrashlytics */ = {
			isa = XCSwiftPackageProductDependency;
			package = 454310F82BB69141001C3058 /* XCRemoteSwiftPackageReference "firebase-ios-sdk" */;
			productName = FirebaseCrashlytics;
		};
		4543110B2BB69141001C3058 /* FirebaseDatabase */ = {
			isa = XCSwiftPackageProductDependency;
			package = 454310F82BB69141001C3058 /* XCRemoteSwiftPackageReference "firebase-ios-sdk" */;
			productName = FirebaseDatabase;
		};
		4543110D2BB69141001C3058 /* FirebaseDatabaseSwift */ = {
			isa = XCSwiftPackageProductDependency;
			package = 454310F82BB69141001C3058 /* XCRemoteSwiftPackageReference "firebase-ios-sdk" */;
			productName = FirebaseDatabaseSwift;
		};
		4543110F2BB69141001C3058 /* FirebaseDynamicLinks */ = {
			isa = XCSwiftPackageProductDependency;
			package = 454310F82BB69141001C3058 /* XCRemoteSwiftPackageReference "firebase-ios-sdk" */;
			productName = FirebaseDynamicLinks;
		};
		454311112BB69141001C3058 /* FirebaseFirestore */ = {
			isa = XCSwiftPackageProductDependency;
			package = 454310F82BB69141001C3058 /* XCRemoteSwiftPackageReference "firebase-ios-sdk" */;
			productName = FirebaseFirestore;
		};
		454311132BB69141001C3058 /* FirebaseFirestoreCombine-Community */ = {
			isa = XCSwiftPackageProductDependency;
			package = 454310F82BB69141001C3058 /* XCRemoteSwiftPackageReference "firebase-ios-sdk" */;
			productName = "FirebaseFirestoreCombine-Community";
		};
		454311152BB69141001C3058 /* FirebaseFirestoreSwift */ = {
			isa = XCSwiftPackageProductDependency;
			package = 454310F82BB69141001C3058 /* XCRemoteSwiftPackageReference "firebase-ios-sdk" */;
			productName = FirebaseFirestoreSwift;
		};
		454311172BB69141001C3058 /* FirebaseFunctions */ = {
			isa = XCSwiftPackageProductDependency;
			package = 454310F82BB69141001C3058 /* XCRemoteSwiftPackageReference "firebase-ios-sdk" */;
			productName = FirebaseFunctions;
		};
		454311192BB69141001C3058 /* FirebaseFunctionsCombine-Community */ = {
			isa = XCSwiftPackageProductDependency;
			package = 454310F82BB69141001C3058 /* XCRemoteSwiftPackageReference "firebase-ios-sdk" */;
			productName = "FirebaseFunctionsCombine-Community";
		};
		4543111B2BB69141001C3058 /* FirebaseInAppMessaging-Beta */ = {
			isa = XCSwiftPackageProductDependency;
			package = 454310F82BB69141001C3058 /* XCRemoteSwiftPackageReference "firebase-ios-sdk" */;
			productName = "FirebaseInAppMessaging-Beta";
		};
		4543111D2BB69141001C3058 /* FirebaseInAppMessagingSwift-Beta */ = {
			isa = XCSwiftPackageProductDependency;
			package = 454310F82BB69141001C3058 /* XCRemoteSwiftPackageReference "firebase-ios-sdk" */;
			productName = "FirebaseInAppMessagingSwift-Beta";
		};
		4543111F2BB69141001C3058 /* FirebaseInstallations */ = {
			isa = XCSwiftPackageProductDependency;
			package = 454310F82BB69141001C3058 /* XCRemoteSwiftPackageReference "firebase-ios-sdk" */;
			productName = FirebaseInstallations;
		};
		454311212BB69141001C3058 /* FirebaseMLModelDownloader */ = {
			isa = XCSwiftPackageProductDependency;
			package = 454310F82BB69141001C3058 /* XCRemoteSwiftPackageReference "firebase-ios-sdk" */;
			productName = FirebaseMLModelDownloader;
		};
		454311232BB69141001C3058 /* FirebaseMessaging */ = {
			isa = XCSwiftPackageProductDependency;
			package = 454310F82BB69141001C3058 /* XCRemoteSwiftPackageReference "firebase-ios-sdk" */;
			productName = FirebaseMessaging;
		};
		454311252BB69141001C3058 /* FirebasePerformance */ = {
			isa = XCSwiftPackageProductDependency;
			package = 454310F82BB69141001C3058 /* XCRemoteSwiftPackageReference "firebase-ios-sdk" */;
			productName = FirebasePerformance;
		};
		454311272BB69141001C3058 /* FirebaseRemoteConfig */ = {
			isa = XCSwiftPackageProductDependency;
			package = 454310F82BB69141001C3058 /* XCRemoteSwiftPackageReference "firebase-ios-sdk" */;
			productName = FirebaseRemoteConfig;
		};
		454311292BB69141001C3058 /* FirebaseRemoteConfigSwift */ = {
			isa = XCSwiftPackageProductDependency;
			package = 454310F82BB69141001C3058 /* XCRemoteSwiftPackageReference "firebase-ios-sdk" */;
			productName = FirebaseRemoteConfigSwift;
		};
		4543112B2BB69141001C3058 /* FirebaseStorage */ = {
			isa = XCSwiftPackageProductDependency;
			package = 454310F82BB69141001C3058 /* XCRemoteSwiftPackageReference "firebase-ios-sdk" */;
			productName = FirebaseStorage;
		};
		4543112D2BB69141001C3058 /* FirebaseStorageCombine-Community */ = {
			isa = XCSwiftPackageProductDependency;
			package = 454310F82BB69141001C3058 /* XCRemoteSwiftPackageReference "firebase-ios-sdk" */;
			productName = "FirebaseStorageCombine-Community";
		};
		458BA4832B96F61800FDF1C6 /* ComposableArchitecture */ = {
			isa = XCSwiftPackageProductDependency;
			package = 458BA4822B96F61800FDF1C6 /* XCRemoteSwiftPackageReference "swift-composable-architecture" */;
			productName = ComposableArchitecture;
		};
/* End XCSwiftPackageProductDependency section */
	};
	rootObject = 4569CF852B95A5580008A3B4 /* Project object */;
}
